
Microsoft Visual Studio Solution File, Format Version 12.00
# Visual Studio 2013
VisualStudioVersion = 12.0.31101.0
MinimumVisualStudioVersion = 10.0.40219.1
Project("{FAE04EC0-301F-11D3-BF4B-00C04F79EFBC}") = "aurelia-vs-ts", "aurelia-vs-ts\aurelia-vs-ts.csproj", "{1D6C41BA-9C86-4800-AC04-49DB75B7FAEA}"
EndProject
Global
	GlobalSection(SolutionConfigurationPlatforms) = preSolution
		Debug|Any CPU = Debug|Any CPU
		Release|Any CPU = Release|Any CPU
	EndGlobalSection
	GlobalSection(ProjectConfigurationPlatforms) = postSolution
		{1D6C41BA-9C86-4800-AC04-49DB75B7FAEA}.Debug|Any CPU.ActiveCfg = Debug|Any CPU
		{1D6C41BA-9C86-4800-AC04-49DB75B7FAEA}.Debug|Any CPU.Build.0 = Debug|Any CPU
		{1D6C41BA-9C86-4800-AC04-49DB75B7FAEA}.Release|Any CPU.ActiveCfg = Release|Any CPU
		{1D6C41BA-9C86-4800-AC04-49DB75B7FAEA}.Release|Any CPU.Build.0 = Release|Any CPU
	EndGlobalSection
	GlobalSection(SolutionProperties) = preSolution
		HideSolutionNode = FALSE
	EndGlobalSection
EndGlobal
