
Microsoft Visual Studio Solution File, Format Version 12.00
# Visual Studio 2013
VisualStudioVersion = 12.0.31101.0
MinimumVisualStudioVersion = 10.0.40219.1
Project("{070BCB52-5A75-4F8C-A973-144AF0EAFCC9}") = "skel-nav-esri-vs-ts-telerik", "skel-nav-esri-vs-ts-telerik\skel-nav-esri-vs-ts-telerik.iceproj", "{DD4A1A54-7455-47B6-95D1-657FBA9490C2}"
EndProject
Global
	GlobalSection(SolutionConfigurationPlatforms) = preSolution
		Debug|Any CPU = Debug|Any CPU
		Release|Any CPU = Release|Any CPU
	EndGlobalSection
	GlobalSection(ProjectConfigurationPlatforms) = postSolution
		{DD4A1A54-7455-47B6-95D1-657FBA9490C2}.Debug|Any CPU.ActiveCfg = Debug|Any CPU
		{DD4A1A54-7455-47B6-95D1-657FBA9490C2}.Debug|Any CPU.Build.0 = Debug|Any CPU
		{DD4A1A54-7455-47B6-95D1-657FBA9490C2}.Release|Any CPU.ActiveCfg = Release|Any CPU
		{DD4A1A54-7455-47B6-95D1-657FBA9490C2}.Release|Any CPU.Build.0 = Release|Any CPU
	EndGlobalSection
	GlobalSection(SolutionProperties) = preSolution
		HideSolutionNode = FALSE
	EndGlobalSection
EndGlobal
